
Microsoft Visual Studio Solution File, Format Version 12.00
# Visual Studio Version 17
VisualStudioVersion = 17.6.33801.468
MinimumVisualStudioVersion = 10.0.40219.1
Project("{9A19103F-16F7-4668-BE54-9A1E7A4F7556}") = "ASPMVC02", "ASPMVC02\ASPMVC02.csproj", "{40303CC6-51F1-4B03-B23B-2DA96F09A775}"
EndProject
Project("{9A19103F-16F7-4668-BE54-9A1E7A4F7556}") = "ASPMVC03", "ASPMVC03\ASPMVC03.csproj", "{1EE7ABF5-E697-4A45-B837-BD605BFC28BB}"
EndProject
Project("{9A19103F-16F7-4668-BE54-9A1E7A4F7556}") = "ASPMVC05", "ASPMVC05\ASPMVC05.csproj", "{EF80AB3A-8F94-4E7A-905D-B3FAD249C477}"
EndProject
Project("{9A19103F-16F7-4668-BE54-9A1E7A4F7556}") = "ASPMVC001", "ASPMVC001\ASPMVC001.csproj", "{B1F31E5C-F82E-4F4A-A09D-58574DBA149D}"
EndProject
Project("{9A19103F-16F7-4668-BE54-9A1E7A4F7556}") = "ASPMVC004", "ASPMVC004\ASPMVC004.csproj", "{D99F13AB-E088-4E0E-8E03-4BF83995DF41}"
EndProject
Project("{FAE04EC0-301F-11D3-BF4B-00C04F79EFBC}") = "ASPMVC06", "ASPMVC06\ASPMVC06.csproj", "{B86F0C09-D064-407D-815E-8D51E3A0F14C}"
EndProject
Project("{FAE04EC0-301F-11D3-BF4B-00C04F79EFBC}") = "ASPMVC07", "ASPMVC07\ASPMVC07.csproj", "{B782374C-0F14-4CFB-B0BF-21177D6B6AE4}"
EndProject
Global
	GlobalSection(SolutionConfigurationPlatforms) = preSolution
		Debug|Any CPU = Debug|Any CPU
		Release|Any CPU = Release|Any CPU
	EndGlobalSection
	GlobalSection(ProjectConfigurationPlatforms) = postSolution
		{40303CC6-51F1-4B03-B23B-2DA96F09A775}.Debug|Any CPU.ActiveCfg = Debug|Any CPU
		{40303CC6-51F1-4B03-B23B-2DA96F09A775}.Debug|Any CPU.Build.0 = Debug|Any CPU
		{40303CC6-51F1-4B03-B23B-2DA96F09A775}.Release|Any CPU.ActiveCfg = Release|Any CPU
		{40303CC6-51F1-4B03-B23B-2DA96F09A775}.Release|Any CPU.Build.0 = Release|Any CPU
		{1EE7ABF5-E697-4A45-B837-BD605BFC28BB}.Debug|Any CPU.ActiveCfg = Debug|Any CPU
		{1EE7ABF5-E697-4A45-B837-BD605BFC28BB}.Debug|Any CPU.Build.0 = Debug|Any CPU
		{1EE7ABF5-E697-4A45-B837-BD605BFC28BB}.Release|Any CPU.ActiveCfg = Release|Any CPU
		{1EE7ABF5-E697-4A45-B837-BD605BFC28BB}.Release|Any CPU.Build.0 = Release|Any CPU
		{EF80AB3A-8F94-4E7A-905D-B3FAD249C477}.Debug|Any CPU.ActiveCfg = Debug|Any CPU
		{EF80AB3A-8F94-4E7A-905D-B3FAD249C477}.Debug|Any CPU.Build.0 = Debug|Any CPU
		{EF80AB3A-8F94-4E7A-905D-B3FAD249C477}.Release|Any CPU.ActiveCfg = Release|Any CPU
		{EF80AB3A-8F94-4E7A-905D-B3FAD249C477}.Release|Any CPU.Build.0 = Release|Any CPU
		{B1F31E5C-F82E-4F4A-A09D-58574DBA149D}.Debug|Any CPU.ActiveCfg = Debug|Any CPU
		{B1F31E5C-F82E-4F4A-A09D-58574DBA149D}.Debug|Any CPU.Build.0 = Debug|Any CPU
		{B1F31E5C-F82E-4F4A-A09D-58574DBA149D}.Release|Any CPU.ActiveCfg = Release|Any CPU
		{B1F31E5C-F82E-4F4A-A09D-58574DBA149D}.Release|Any CPU.Build.0 = Release|Any CPU
		{D99F13AB-E088-4E0E-8E03-4BF83995DF41}.Debug|Any CPU.ActiveCfg = Debug|Any CPU
		{D99F13AB-E088-4E0E-8E03-4BF83995DF41}.Debug|Any CPU.Build.0 = Debug|Any CPU
		{D99F13AB-E088-4E0E-8E03-4BF83995DF41}.Release|Any CPU.ActiveCfg = Release|Any CPU
		{D99F13AB-E088-4E0E-8E03-4BF83995DF41}.Release|Any CPU.Build.0 = Release|Any CPU
		{B86F0C09-D064-407D-815E-8D51E3A0F14C}.Debug|Any CPU.ActiveCfg = Debug|Any CPU
		{B86F0C09-D064-407D-815E-8D51E3A0F14C}.Debug|Any CPU.Build.0 = Debug|Any CPU
		{B86F0C09-D064-407D-815E-8D51E3A0F14C}.Release|Any CPU.ActiveCfg = Release|Any CPU
		{B86F0C09-D064-407D-815E-8D51E3A0F14C}.Release|Any CPU.Build.0 = Release|Any CPU
		{B782374C-0F14-4CFB-B0BF-21177D6B6AE4}.Debug|Any CPU.ActiveCfg = Debug|Any CPU
		{B782374C-0F14-4CFB-B0BF-21177D6B6AE4}.Debug|Any CPU.Build.0 = Debug|Any CPU
		{B782374C-0F14-4CFB-B0BF-21177D6B6AE4}.Release|Any CPU.ActiveCfg = Release|Any CPU
		{B782374C-0F14-4CFB-B0BF-21177D6B6AE4}.Release|Any CPU.Build.0 = Release|Any CPU
	EndGlobalSection
	GlobalSection(SolutionProperties) = preSolution
		HideSolutionNode = FALSE
	EndGlobalSection
	GlobalSection(ExtensibilityGlobals) = postSolution
		SolutionGuid = {56E3288D-25D5-4F1B-B479-5BD86E075C5B}
	EndGlobalSection
EndGlobal
